
Microsoft Visual Studio Solution File, Format Version 12.00
# Visual Studio 2012
Project("{FAE04EC0-301F-11D3-BF4B-00C04F79EFBC}") = "inventary", "inventary\inventary.csproj", "{F4FC451A-8FBE-4D48-A72F-CDC3E6AAE74F}"
EndProject
Project("{FAE04EC0-301F-11D3-BF4B-00C04F79EFBC}") = "inventary.Droid", "Droid\inventary.Droid.csproj", "{338B0FDD-EC11-4469-8AED-77C212EA1AC3}"
EndProject
Project("{FAE04EC0-301F-11D3-BF4B-00C04F79EFBC}") = "inventary.UITests", "UITests\inventary.UITests.csproj", "{69840D3C-E27E-4767-8846-E80CF2230A5E}"
EndProject
Global
	GlobalSection(SolutionConfigurationPlatforms) = preSolution
		Debug|Any CPU = Debug|Any CPU
		Release|Any CPU = Release|Any CPU
	EndGlobalSection
	GlobalSection(ProjectConfigurationPlatforms) = postSolution
		{F4FC451A-8FBE-4D48-A72F-CDC3E6AAE74F}.Debug|Any CPU.ActiveCfg = Debug|Any CPU
		{F4FC451A-8FBE-4D48-A72F-CDC3E6AAE74F}.Debug|Any CPU.Build.0 = Debug|Any CPU
		{F4FC451A-8FBE-4D48-A72F-CDC3E6AAE74F}.Release|Any CPU.ActiveCfg = Release|Any CPU
		{F4FC451A-8FBE-4D48-A72F-CDC3E6AAE74F}.Release|Any CPU.Build.0 = Release|Any CPU
		{338B0FDD-EC11-4469-8AED-77C212EA1AC3}.Debug|Any CPU.ActiveCfg = Debug|Any CPU
		{338B0FDD-EC11-4469-8AED-77C212EA1AC3}.Debug|Any CPU.Build.0 = Debug|Any CPU
		{338B0FDD-EC11-4469-8AED-77C212EA1AC3}.Release|Any CPU.ActiveCfg = Release|Any CPU
		{338B0FDD-EC11-4469-8AED-77C212EA1AC3}.Release|Any CPU.Build.0 = Release|Any CPU
		{69840D3C-E27E-4767-8846-E80CF2230A5E}.Debug|Any CPU.ActiveCfg = Debug|Any CPU
		{69840D3C-E27E-4767-8846-E80CF2230A5E}.Debug|Any CPU.Build.0 = Debug|Any CPU
		{69840D3C-E27E-4767-8846-E80CF2230A5E}.Release|Any CPU.ActiveCfg = Release|Any CPU
		{69840D3C-E27E-4767-8846-E80CF2230A5E}.Release|Any CPU.Build.0 = Release|Any CPU
	EndGlobalSection
EndGlobal
